
Microsoft Visual Studio Solution File, Format Version 12.00
# Visual Studio Version 16
VisualStudioVersion = 16.0.31624.102
MinimumVisualStudioVersion = 10.0.40219.1
Project("{FAE04EC0-301F-11D3-BF4B-00C04F79EFBC}") = "db_project", "db_project.csproj", "{83CA6311-D6BA-45E4-8DFB-94CD6A0C988E}"
EndProject
Global
	GlobalSection(SolutionConfigurationPlatforms) = preSolution
		Debug|Any CPU = Debug|Any CPU
		Release|Any CPU = Release|Any CPU
	EndGlobalSection
	GlobalSection(ProjectConfigurationPlatforms) = postSolution
		{83CA6311-D6BA-45E4-8DFB-94CD6A0C988E}.Debug|Any CPU.ActiveCfg = Debug|Any CPU
		{83CA6311-D6BA-45E4-8DFB-94CD6A0C988E}.Debug|Any CPU.Build.0 = Debug|Any CPU
		{83CA6311-D6BA-45E4-8DFB-94CD6A0C988E}.Release|Any CPU.ActiveCfg = Release|Any CPU
		{83CA6311-D6BA-45E4-8DFB-94CD6A0C988E}.Release|Any CPU.Build.0 = Release|Any CPU
	EndGlobalSection
	GlobalSection(SolutionProperties) = preSolution
		HideSolutionNode = FALSE
	EndGlobalSection
	GlobalSection(ExtensibilityGlobals) = postSolution
		SolutionGuid = {232F3055-7614-4DF2-8EEF-C1A376BE24EB}
	EndGlobalSection
EndGlobal
